Microsoft Visual Studio Solution File, Format Version 12.00
# Visual Studio 2012
Project("{FAE04EC0-301F-11D3-BF4B-00C04F79EFBC}") = "хомяк. тапаты", "хомяк. тапаты.csproj", "{FC8E5ECA-0336-4B76-B38B-A2A6B3FB13EF}"
EndProject
Global
	GlobalSection(SolutionConfigurationPlatforms) = preSolution
	Debug|Any CPU = Debug|Any CPU
	ExportDebug|Any CPU = ExportDebug|Any CPU
	ExportRelease|Any CPU = ExportRelease|Any CPU
	EndGlobalSection
	GlobalSection(ProjectConfigurationPlatforms) = postSolution
		{FC8E5ECA-0336-4B76-B38B-A2A6B3FB13EF}.Debug|Any CPU.ActiveCfg = Debug|Any CPU
		{FC8E5ECA-0336-4B76-B38B-A2A6B3FB13EF}.Debug|Any CPU.Build.0 = Debug|Any CPU
		{FC8E5ECA-0336-4B76-B38B-A2A6B3FB13EF}.ExportDebug|Any CPU.ActiveCfg = ExportDebug|Any CPU
		{FC8E5ECA-0336-4B76-B38B-A2A6B3FB13EF}.ExportDebug|Any CPU.Build.0 = ExportDebug|Any CPU
		{FC8E5ECA-0336-4B76-B38B-A2A6B3FB13EF}.ExportRelease|Any CPU.ActiveCfg = ExportRelease|Any CPU
		{FC8E5ECA-0336-4B76-B38B-A2A6B3FB13EF}.ExportRelease|Any CPU.Build.0 = ExportRelease|Any CPU
	EndGlobalSection
EndGlobal
